
Microsoft Visual Studio Solution File, Format Version 11.00
# Visual Studio 2010
Project("{8BC9CEB8-8B4A-11D0-8D11-00A0C91BC942}") = "test", "test\test.vcxproj", "{85AAC9F0-48A5-4E9C-9E1C-32F2B8B86923}"
	ProjectSection(ProjectDependencies) = postProject
		{BE763B4A-5E8D-48BC-8220-4E8342544B49} = {BE763B4A-5E8D-48BC-8220-4E8342544B49}
	EndProjectSection
EndProject
Project("{8BC9CEB8-8B4A-11D0-8D11-00A0C91BC942}") = "leveldb", "leveldb\leveldb.vcxproj", "{BE763B4A-5E8D-48BC-8220-4E8342544B49}"
	ProjectSection(ProjectDependencies) = postProject
		{30F5D763-3308-467B-8DEF-4A8E1F690281} = {30F5D763-3308-467B-8DEF-4A8E1F690281}
	EndProjectSection
EndProject
Project("{2150E333-8FDC-42A3-9474-1A3956D46DE8}") = "Solution Items", "Solution Items", "{4C320B64-3EE6-418D-8194-6E583D3C8C77}"
	ProjectSection(SolutionItems) = preProject
		ReadMe = ReadMe
	EndProjectSection
EndProject
Project("{8BC9CEB8-8B4A-11D0-8D11-00A0C91BC942}") = "snappy", "snappy\snappy.vcxproj", "{30F5D763-3308-467B-8DEF-4A8E1F690281}"
EndProject
Global
	GlobalSection(SubversionScc) = preSolution
		Svn-Managed = True
		Manager = AnkhSVN - Subversion Support for Visual Studio
	EndGlobalSection
	GlobalSection(SolutionConfigurationPlatforms) = preSolution
		Debug|Win32 = Debug|Win32
		DebugDll|Win32 = DebugDll|Win32
		Release|Win32 = Release|Win32
		ReleaseDll|Win32 = ReleaseDll|Win32
	EndGlobalSection
	GlobalSection(ProjectConfigurationPlatforms) = postSolution
		{85AAC9F0-48A5-4E9C-9E1C-32F2B8B86923}.Debug|Win32.ActiveCfg = Debug|Win32
		{85AAC9F0-48A5-4E9C-9E1C-32F2B8B86923}.Debug|Win32.Build.0 = Debug|Win32
		{85AAC9F0-48A5-4E9C-9E1C-32F2B8B86923}.DebugDll|Win32.ActiveCfg = DebugDll|Win32
		{85AAC9F0-48A5-4E9C-9E1C-32F2B8B86923}.DebugDll|Win32.Build.0 = DebugDll|Win32
		{85AAC9F0-48A5-4E9C-9E1C-32F2B8B86923}.Release|Win32.ActiveCfg = Release|Win32
		{85AAC9F0-48A5-4E9C-9E1C-32F2B8B86923}.Release|Win32.Build.0 = Release|Win32
		{85AAC9F0-48A5-4E9C-9E1C-32F2B8B86923}.ReleaseDll|Win32.ActiveCfg = ReleaseDll|Win32
		{85AAC9F0-48A5-4E9C-9E1C-32F2B8B86923}.ReleaseDll|Win32.Build.0 = ReleaseDll|Win32
		{BE763B4A-5E8D-48BC-8220-4E8342544B49}.Debug|Win32.ActiveCfg = Debug|Win32
		{BE763B4A-5E8D-48BC-8220-4E8342544B49}.Debug|Win32.Build.0 = Debug|Win32
		{BE763B4A-5E8D-48BC-8220-4E8342544B49}.DebugDll|Win32.ActiveCfg = DebugDll|Win32
		{BE763B4A-5E8D-48BC-8220-4E8342544B49}.DebugDll|Win32.Build.0 = DebugDll|Win32
		{BE763B4A-5E8D-48BC-8220-4E8342544B49}.Release|Win32.ActiveCfg = Release|Win32
		{BE763B4A-5E8D-48BC-8220-4E8342544B49}.Release|Win32.Build.0 = Release|Win32
		{BE763B4A-5E8D-48BC-8220-4E8342544B49}.ReleaseDll|Win32.ActiveCfg = ReleaseDll|Win32
		{BE763B4A-5E8D-48BC-8220-4E8342544B49}.ReleaseDll|Win32.Build.0 = ReleaseDll|Win32
		{30F5D763-3308-467B-8DEF-4A8E1F690281}.Debug|Win32.ActiveCfg = Debug|Win32
		{30F5D763-3308-467B-8DEF-4A8E1F690281}.Debug|Win32.Build.0 = Debug|Win32
		{30F5D763-3308-467B-8DEF-4A8E1F690281}.DebugDll|Win32.ActiveCfg = Debug|Win32
		{30F5D763-3308-467B-8DEF-4A8E1F690281}.DebugDll|Win32.Build.0 = Debug|Win32
		{30F5D763-3308-467B-8DEF-4A8E1F690281}.Release|Win32.ActiveCfg = Release|Win32
		{30F5D763-3308-467B-8DEF-4A8E1F690281}.Release|Win32.Build.0 = Release|Win32
		{30F5D763-3308-467B-8DEF-4A8E1F690281}.ReleaseDll|Win32.ActiveCfg = Release|Win32
		{30F5D763-3308-467B-8DEF-4A8E1F690281}.ReleaseDll|Win32.Build.0 = Release|Win32
	EndGlobalSection
	GlobalSection(SolutionProperties) = preSolution
		HideSolutionNode = FALSE
	EndGlobalSection
EndGlobal
