
Microsoft Visual Studio Solution File, Format Version 10.00
# Visual Studio 2008
Project("{8BC9CEB8-8B4A-11D0-8D11-00A0C91BC942}") = "test", "test\test.vcproj", "{93FB51CD-BAE7-4B9F-9D66-08C761066D2E}"
	ProjectSection(ProjectDependencies) = postProject
		{FF8DDBD1-039E-4F08-9663-C521D644A04A} = {FF8DDBD1-039E-4F08-9663-C521D644A04A}
	EndProjectSection
EndProject
Project("{8BC9CEB8-8B4A-11D0-8D11-00A0C91BC942}") = "leveldb", "leveldb\leveldb.vcproj", "{FF8DDBD1-039E-4F08-9663-C521D644A04A}"
	ProjectSection(ProjectDependencies) = postProject
		{5DC294C5-FE8F-4511-B777-58B2B5E5C17E} = {5DC294C5-FE8F-4511-B777-58B2B5E5C17E}
	EndProjectSection
EndProject
Project("{8BC9CEB8-8B4A-11D0-8D11-00A0C91BC942}") = "snappy", "snappy\snappy.vcproj", "{5DC294C5-FE8F-4511-B777-58B2B5E5C17E}"
EndProject
Global
	GlobalSection(SolutionConfigurationPlatforms) = preSolution
		Debug|Win32 = Debug|Win32
		DebugDll|Win32 = DebugDll|Win32
		Release|Win32 = Release|Win32
		ReleaseDll|Win32 = ReleaseDll|Win32
	EndGlobalSection
	GlobalSection(ProjectConfigurationPlatforms) = postSolution
		{93FB51CD-BAE7-4B9F-9D66-08C761066D2E}.Debug|Win32.ActiveCfg = Debug|Win32
		{93FB51CD-BAE7-4B9F-9D66-08C761066D2E}.Debug|Win32.Build.0 = Debug|Win32
		{93FB51CD-BAE7-4B9F-9D66-08C761066D2E}.DebugDll|Win32.ActiveCfg = DebugDll|Win32
		{93FB51CD-BAE7-4B9F-9D66-08C761066D2E}.DebugDll|Win32.Build.0 = DebugDll|Win32
		{93FB51CD-BAE7-4B9F-9D66-08C761066D2E}.Release|Win32.ActiveCfg = Release|Win32
		{93FB51CD-BAE7-4B9F-9D66-08C761066D2E}.Release|Win32.Build.0 = Release|Win32
		{93FB51CD-BAE7-4B9F-9D66-08C761066D2E}.ReleaseDll|Win32.ActiveCfg = ReleaseDll|Win32
		{93FB51CD-BAE7-4B9F-9D66-08C761066D2E}.ReleaseDll|Win32.Build.0 = ReleaseDll|Win32
		{FF8DDBD1-039E-4F08-9663-C521D644A04A}.Debug|Win32.ActiveCfg = Debug|Win32
		{FF8DDBD1-039E-4F08-9663-C521D644A04A}.Debug|Win32.Build.0 = Debug|Win32
		{FF8DDBD1-039E-4F08-9663-C521D644A04A}.DebugDll|Win32.ActiveCfg = DebugDll|Win32
		{FF8DDBD1-039E-4F08-9663-C521D644A04A}.DebugDll|Win32.Build.0 = DebugDll|Win32
		{FF8DDBD1-039E-4F08-9663-C521D644A04A}.Release|Win32.ActiveCfg = Release|Win32
		{FF8DDBD1-039E-4F08-9663-C521D644A04A}.Release|Win32.Build.0 = Release|Win32
		{FF8DDBD1-039E-4F08-9663-C521D644A04A}.ReleaseDll|Win32.ActiveCfg = ReleaseDll|Win32
		{FF8DDBD1-039E-4F08-9663-C521D644A04A}.ReleaseDll|Win32.Build.0 = ReleaseDll|Win32
		{5DC294C5-FE8F-4511-B777-58B2B5E5C17E}.Debug|Win32.ActiveCfg = Debug|Win32
		{5DC294C5-FE8F-4511-B777-58B2B5E5C17E}.Debug|Win32.Build.0 = Debug|Win32
		{5DC294C5-FE8F-4511-B777-58B2B5E5C17E}.DebugDll|Win32.ActiveCfg = Debug|Win32
		{5DC294C5-FE8F-4511-B777-58B2B5E5C17E}.DebugDll|Win32.Build.0 = Debug|Win32
		{5DC294C5-FE8F-4511-B777-58B2B5E5C17E}.Release|Win32.ActiveCfg = Release|Win32
		{5DC294C5-FE8F-4511-B777-58B2B5E5C17E}.Release|Win32.Build.0 = Release|Win32
		{5DC294C5-FE8F-4511-B777-58B2B5E5C17E}.ReleaseDll|Win32.ActiveCfg = Release|Win32
		{5DC294C5-FE8F-4511-B777-58B2B5E5C17E}.ReleaseDll|Win32.Build.0 = Release|Win32
	EndGlobalSection
	GlobalSection(SolutionProperties) = preSolution
		HideSolutionNode = FALSE
	EndGlobalSection
EndGlobal
